PODS:
  - Realm (10.32.2):
    - Realm/Headers (= 10.32.2)
  - Realm/Headers (10.32.2)
  - RealmSwift (10.32.2):
    - Realm (= 10.32.2)

DEPENDENCIES:
  - RealmSwift (~> 10)

SPEC REPOS:
  trunk:
    - Realm
    - RealmSwift

SPEC CHECKSUMS:
  Realm: a11d133606e898ee43ddd3c24050a382c8d3eab1
  RealmSwift: f796f7701a5efa031554d5639ef5b2d4c850bc74

PODFILE CHECKSUM: 60bdd97cf278702f9698d7332bf8ed6af99fa904

COCOAPODS: 1.13.0
