// !$*UTF8*$!
{
	archiveVersion = 1;
	classes = {
	};
	objectVersion = 56;
	objects = {

/* Begin PBXBuildFile section */
		06305D28D169F6BEEF68B980 /* Pods_TwitterSampleApp5Tests.framework in Frameworks */ = {isa = PBXBuildFile; fileRef = 0301EE92C10C2E95F1E71C64 /* Pods_TwitterSampleApp5Tests.framework */; };
		3CEBDDCE53EBCA60321B537A /* Pods_TwitterSampleApp5_TwitterSampleApp5UITests.framework in Frameworks */ = {isa = PBXBuildFile; fileRef = D4391725B28A2312773ADB47 /* Pods_TwitterSampleApp5_TwitterSampleApp5UITests.framework */; };
		7FC5BDE8065DD0E2F1CD1F4F /* Pods_TwitterSampleApp5.framework in Frameworks */ = {isa = PBXBuildFile; fileRef = 683BA06B558C3F996D0038EE /* Pods_TwitterSampleApp5.framework */; };
		FAF135312B4811B8004B70C5 /* AppDelegate.swift in Sources */ = {isa = PBXBuildFile; fileRef = FAF135302B4811B8004B70C5 /* AppDelegate.swift */; };
		FAF135332B4811B8004B70C5 /* SceneDelegate.swift in Sources */ = {isa = PBXBuildFile; fileRef = FAF135322B4811B8004B70C5 /* SceneDelegate.swift */; };
		FAF135352B4811B8004B70C5 /* TwitterHomeViewController.swift in Sources */ = {isa = PBXBuildFile; fileRef = FAF135342B4811B8004B70C5 /* TwitterHomeViewController.swift */; };
		FAF135382B4811B8004B70C5 /* Main.storyboard in Resources */ = {isa = PBXBuildFile; fileRef = FAF135362B4811B8004B70C5 /* Main.storyboard */; };
		FAF1353A2B4811BA004B70C5 /* Assets.xcassets in Resources */ = {isa = PBXBuildFile; fileRef = FAF135392B4811BA004B70C5 /* Assets.xcassets */; };
		FAF1353D2B4811BA004B70C5 /* LaunchScreen.storyboard in Resources */ = {isa = PBXBuildFile; fileRef = FAF1353B2B4811BA004B70C5 /* LaunchScreen.storyboard */; };
		FAF135482B4811BB004B70C5 /* TwitterSampleApp5Tests.swift in Sources */ = {isa = PBXBuildFile; fileRef = FAF135472B4811BB004B70C5 /* TwitterSampleApp5Tests.swift */; };
		FAF135522B4811BB004B70C5 /* TwitterSampleApp5UITests.swift in Sources */ = {isa = PBXBuildFile; fileRef = FAF135512B4811BB004B70C5 /* TwitterSampleApp5UITests.swift */; };
		FAF135542B4811BB004B70C5 /* TwitterSampleApp5UITestsLaunchTests.swift in Sources */ = {isa = PBXBuildFile; fileRef = FAF135532B4811BB004B70C5 /* TwitterSampleApp5UITestsLaunchTests.swift */; };
		FAF135612B4ADADD004B70C5 /* TweetDataModel.swift in Sources */ = {isa = PBXBuildFile; fileRef = FAF135602B4ADADD004B70C5 /* TweetDataModel.swift */; };
		FAF135672B4ADC72004B70C5 /* TwitterHomeViewTableCell.swift in Sources */ = {isa = PBXBuildFile; fileRef = FAF135652B4ADC72004B70C5 /* TwitterHomeViewTableCell.swift */; };
		FAF135682B4ADC72004B70C5 /* TwitterHomeViewTableCell.xib in Resources */ = {isa = PBXBuildFile; fileRef = FAF135662B4ADC72004B70C5 /* TwitterHomeViewTableCell.xib */; };
		FAF1356A2B4BA66D004B70C5 /* TweetEditViewController.swift in Sources */ = {isa = PBXBuildFile; fileRef = FAF135692B4BA66D004B70C5 /* TweetEditViewController.swift */; };
		FAF1356C2B4BA69A004B70C5 /* TweetEditViewController.storyboard in Resources */ = {isa = PBXBuildFile; fileRef = FAF1356B2B4BA69A004B70C5 /* TweetEditViewController.storyboard */; };
		FAF8AF462B561F0400485043 /* TwitterHomeViewController.swift in Sources */ = {isa = PBXBuildFile; fileRef = FAF135342B4811B8004B70C5 /* TwitterHomeViewController.swift */; };
/* End PBXBuildFile section */

/* Begin PBXContainerItemProxy section */
		FAF135442B4811BB004B70C5 /* PBXContainerItemProxy */ = {
			isa = PBXContainerItemProxy;
			containerPortal = FAF135252B4811B8004B70C5 /* Project object */;
			proxyType = 1;
			remoteGlobalIDString = FAF1352C2B4811B8004B70C5;
			remoteInfo = TwitterSampleApp5;
		};
		FAF1354E2B4811BB004B70C5 /* PBXContainerItemProxy */ = {
			isa = PBXContainerItemProxy;
			containerPortal = FAF135252B4811B8004B70C5 /* Project object */;
			proxyType = 1;
			remoteGlobalIDString = FAF1352C2B4811B8004B70C5;
			remoteInfo = TwitterSampleApp5;
		};
/* End PBXContainerItemProxy section */

/* Begin PBXFileReference section */
		0301EE92C10C2E95F1E71C64 /* Pods_TwitterSampleApp5Tests.framework */ = {isa = PBXFileReference; explicitFileType = wrapper.framework; includeInIndex = 0; path = Pods_TwitterSampleApp5Tests.framework; sourceTree = BUILT_PRODUCTS_DIR; };
		47309A84FB94FC411E5152A6 /* Pods-TwitterSampleApp5.debug.xcconfig */ = {isa = PBXFileReference; includeInIndex = 1; lastKnownFileType = text.xcconfig; name = "Pods-TwitterSampleApp5.debug.xcconfig"; path = "Target Support Files/Pods-TwitterSampleApp5/Pods-TwitterSampleApp5.debug.xcconfig"; sourceTree = "<group>"; };
		649F73BF612C607AE37CD0F6 /* Pods-TwitterSampleApp5-TwitterSampleApp5UITests.debug.xcconfig */ = {isa = PBXFileReference; includeInIndex = 1; lastKnownFileType = text.xcconfig; name = "Pods-TwitterSampleApp5-TwitterSampleApp5UITests.debug.xcconfig"; path = "Target Support Files/Pods-TwitterSampleApp5-TwitterSampleApp5UITests/Pods-TwitterSampleApp5-TwitterSampleApp5UITests.debug.xcconfig"; sourceTree = "<group>"; };
		683BA06B558C3F996D0038EE /* Pods_TwitterSampleApp5.framework */ = {isa = PBXFileReference; explicitFileType = wrapper.framework; includeInIndex = 0; path = Pods_TwitterSampleApp5.framework; sourceTree = BUILT_PRODUCTS_DIR; };
		94D0E59DDBD8C352977A6522 /* Pods-TwitterSampleApp5-TwitterSampleApp5UITests.release.xcconfig */ = {isa = PBXFileReference; includeInIndex = 1; lastKnownFileType = text.xcconfig; name = "Pods-TwitterSampleApp5-TwitterSampleApp5UITests.release.xcconfig"; path = "Target Support Files/Pods-TwitterSampleApp5-TwitterSampleApp5UITests/Pods-TwitterSampleApp5-TwitterSampleApp5UITests.release.xcconfig"; sourceTree = "<group>"; };
		96199828D17E0AAA0288718A /* Pods-TwitterSampleApp5Tests.debug.xcconfig */ = {isa = PBXFileReference; includeInIndex = 1; lastKnownFileType = text.xcconfig; name = "Pods-TwitterSampleApp5Tests.debug.xcconfig"; path = "Target Support Files/Pods-TwitterSampleApp5Tests/Pods-TwitterSampleApp5Tests.debug.xcconfig"; sourceTree = "<group>"; };
		9A99A1034D3AE0633D2145F1 /* Pods-TwitterSampleApp5.release.xcconfig */ = {isa = PBXFileReference; includeInIndex = 1; lastKnownFileType = text.xcconfig; name = "Pods-TwitterSampleApp5.release.xcconfig"; path = "Target Support Files/Pods-TwitterSampleApp5/Pods-TwitterSampleApp5.release.xcconfig"; sourceTree = "<group>"; };
		C3417F4A2908F760850603CD /* Pods-TwitterSampleApp5Tests.release.xcconfig */ = {isa = PBXFileReference; includeInIndex = 1; lastKnownFileType = text.xcconfig; name = "Pods-TwitterSampleApp5Tests.release.xcconfig"; path = "Target Support Files/Pods-TwitterSampleApp5Tests/Pods-TwitterSampleApp5Tests.release.xcconfig"; sourceTree = "<group>"; };
		D4391725B28A2312773ADB47 /* Pods_TwitterSampleApp5_TwitterSampleApp5UITests.framework */ = {isa = PBXFileReference; explicitFileType = wrapper.framework; includeInIndex = 0; path = Pods_TwitterSampleApp5_TwitterSampleApp5UITests.framework; sourceTree = BUILT_PRODUCTS_DIR; };
		FAF1352D2B4811B8004B70C5 /* TwitterSampleApp5.app */ = {isa = PBXFileReference; explicitFileType = wrapper.application; includeInIndex = 0; path = TwitterSampleApp5.app; sourceTree = BUILT_PRODUCTS_DIR; };
		FAF135302B4811B8004B70C5 /* AppDelegate.swift */ = {isa = PBXFileReference; lastKnownFileType = sourcecode.swift; path = AppDelegate.swift; sourceTree = "<group>"; };
		FAF135322B4811B8004B70C5 /* SceneDelegate.swift */ = {isa = PBXFileReference; lastKnownFileType = sourcecode.swift; path = SceneDelegate.swift; sourceTree = "<group>"; };
		FAF135342B4811B8004B70C5 /* TwitterHomeViewController.swift */ = {isa = PBXFileReference; lastKnownFileType = sourcecode.swift; path = TwitterHomeViewController.swift; sourceTree = "<group>"; };
		FAF135372B4811B8004B70C5 /* Base */ = {isa = PBXFileReference; lastKnownFileType = file.storyboard; name = Base; path = Base.lproj/Main.storyboard; sourceTree = "<group>"; };
		FAF135392B4811BA004B70C5 /* Assets.xcassets */ = {isa = PBXFileReference; lastKnownFileType = folder.assetcatalog; path = Assets.xcassets; sourceTree = "<group>"; };
		FAF1353C2B4811BA004B70C5 /* Base */ = {isa = PBXFileReference; lastKnownFileType = file.storyboard; name = Base; path = Base.lproj/LaunchScreen.storyboard; sourceTree = "<group>"; };
		FAF1353E2B4811BA004B70C5 /* Info.plist */ = {isa = PBXFileReference; lastKnownFileType = text.plist.xml; path = Info.plist; sourceTree = "<group>"; };
		FAF135432B4811BB004B70C5 /* TwitterSampleApp5Tests.xctest */ = {isa = PBXFileReference; explicitFileType = wrapper.cfbundle; includeInIndex = 0; path = TwitterSampleApp5Tests.xctest; sourceTree = BUILT_PRODUCTS_DIR; };
		FAF135472B4811BB004B70C5 /* TwitterSampleApp5Tests.swift */ = {isa = PBXFileReference; lastKnownFileType = sourcecode.swift; path = TwitterSampleApp5Tests.swift; sourceTree = "<group>"; };
		FAF1354D2B4811BB004B70C5 /* TwitterSampleApp5UITests.xctest */ = {isa = PBXFileReference; explicitFileType = wrapper.cfbundle; includeInIndex = 0; path = TwitterSampleApp5UITests.xctest; sourceTree = BUILT_PRODUCTS_DIR; };
		FAF135512B4811BB004B70C5 /* TwitterSampleApp5UITests.swift */ = {isa = PBXFileReference; lastKnownFileType = sourcecode.swift; path = TwitterSampleApp5UITests.swift; sourceTree = "<group>"; };
		FAF135532B4811BB004B70C5 /* TwitterSampleApp5UITestsLaunchTests.swift */ = {isa = PBXFileReference; lastKnownFileType = sourcecode.swift; path = TwitterSampleApp5UITestsLaunchTests.swift; sourceTree = "<group>"; };
		FAF135602B4ADADD004B70C5 /* TweetDataModel.swift */ = {isa = PBXFileReference; lastKnownFileType = sourcecode.swift; path = TweetDataModel.swift; sourceTree = "<group>"; };
		FAF135652B4ADC72004B70C5 /* TwitterHomeViewTableCell.swift */ = {isa = PBXFileReference; lastKnownFileType = sourcecode.swift; path = TwitterHomeViewTableCell.swift; sourceTree = "<group>"; };
		FAF135662B4ADC72004B70C5 /* TwitterHomeViewTableCell.xib */ = {isa = PBXFileReference; lastKnownFileType = file.xib; path = TwitterHomeViewTableCell.xib; sourceTree = "<group>"; };
		FAF135692B4BA66D004B70C5 /* TweetEditViewController.swift */ = {isa = PBXFileReference; lastKnownFileType = sourcecode.swift; path = TweetEditViewController.swift; sourceTree = "<group>"; };
		FAF1356B2B4BA69A004B70C5 /* TweetEditViewController.storyboard */ = {isa = PBXFileReference; lastKnownFileType = file.storyboard; path = TweetEditViewController.storyboard; sourceTree = "<group>"; };
/* End PBXFileReference section */

/* Begin PBXFrameworksBuildPhase section */
		FAF1352A2B4811B8004B70C5 /* Frameworks */ = {
			isa = PBXFrameworksBuildPhase;
			buildActionMask = 2147483647;
			files = (
				7FC5BDE8065DD0E2F1CD1F4F /* Pods_TwitterSampleApp5.framework in Frameworks */,
			);
			runOnlyForDeploymentPostprocessing = 0;
		};
		FAF135402B4811BB004B70C5 /* Frameworks */ = {
			isa = PBXFrameworksBuildPhase;
			buildActionMask = 2147483647;
			files = (
				06305D28D169F6BEEF68B980 /* Pods_TwitterSampleApp5Tests.framework in Frameworks */,
			);
			runOnlyForDeploymentPostprocessing = 0;
		};
		FAF1354A2B4811BB004B70C5 /* Frameworks */ = {
			isa = PBXFrameworksBuildPhase;
			buildActionMask = 2147483647;
			files = (
				3CEBDDCE53EBCA60321B537A /* Pods_TwitterSampleApp5_TwitterSampleApp5UITests.framework in Frameworks */,
			);
			runOnlyForDeploymentPostprocessing = 0;
		};
/* End PBXFrameworksBuildPhase section */

/* Begin PBXGroup section */
		9740CC7D5A8D3065D63423C2 /* Frameworks */ = {
			isa = PBXGroup;
			children = (
				683BA06B558C3F996D0038EE /* Pods_TwitterSampleApp5.framework */,
				D4391725B28A2312773ADB47 /* Pods_TwitterSampleApp5_TwitterSampleApp5UITests.framework */,
				0301EE92C10C2E95F1E71C64 /* Pods_TwitterSampleApp5Tests.framework */,
			);
			name = Frameworks;
			sourceTree = "<group>";
		};
		B788B64B13E2D340280FF360 /* Pods */ = {
			isa = PBXGroup;
			children = (
				47309A84FB94FC411E5152A6 /* Pods-TwitterSampleApp5.debug.xcconfig */,
				9A99A1034D3AE0633D2145F1 /* Pods-TwitterSampleApp5.release.xcconfig */,
				649F73BF612C607AE37CD0F6 /* Pods-TwitterSampleApp5-TwitterSampleApp5UITests.debug.xcconfig */,
				94D0E59DDBD8C352977A6522 /* Pods-TwitterSampleApp5-TwitterSampleApp5UITests.release.xcconfig */,
				96199828D17E0AAA0288718A /* Pods-TwitterSampleApp5Tests.debug.xcconfig */,
				C3417F4A2908F760850603CD /* Pods-TwitterSampleApp5Tests.release.xcconfig */,
			);
			path = Pods;
			sourceTree = "<group>";
		};
		FAF135242B4811B8004B70C5 = {
			isa = PBXGroup;
			children = (
				FAF1352F2B4811B8004B70C5 /* TwitterSampleApp5 */,
				FAF135462B4811BB004B70C5 /* TwitterSampleApp5Tests */,
				FAF135502B4811BB004B70C5 /* TwitterSampleApp5UITests */,
				FAF1352E2B4811B8004B70C5 /* Products */,
				B788B64B13E2D340280FF360 /* Pods */,
				9740CC7D5A8D3065D63423C2 /* Frameworks */,
			);
			sourceTree = "<group>";
		};
		FAF1352E2B4811B8004B70C5 /* Products */ = {
			isa = PBXGroup;
			children = (
				FAF1352D2B4811B8004B70C5 /* TwitterSampleApp5.app */,
				FAF135432B4811BB004B70C5 /* TwitterSampleApp5Tests.xctest */,
				FAF1354D2B4811BB004B70C5 /* TwitterSampleApp5UITests.xctest */,
			);
			name = Products;
			sourceTree = "<group>";
		};
		FAF1352F2B4811B8004B70C5 /* TwitterSampleApp5 */ = {
			isa = PBXGroup;
			children = (
				FAF135362B4811B8004B70C5 /* Main.storyboard */,
				FAF135342B4811B8004B70C5 /* TwitterHomeViewController.swift */,
				FAF135602B4ADADD004B70C5 /* TweetDataModel.swift */,
				FAF135662B4ADC72004B70C5 /* TwitterHomeViewTableCell.xib */,
				FAF135652B4ADC72004B70C5 /* TwitterHomeViewTableCell.swift */,
				FAF1356B2B4BA69A004B70C5 /* TweetEditViewController.storyboard */,
				FAF135692B4BA66D004B70C5 /* TweetEditViewController.swift */,
				FAF135622B4ADB4C004B70C5 /* others */,
			);
			path = TwitterSampleApp5;
			sourceTree = "<group>";
		};
		FAF135462B4811BB004B70C5 /* TwitterSampleApp5Tests */ = {
			isa = PBXGroup;
			children = (
				FAF135472B4811BB004B70C5 /* TwitterSampleApp5Tests.swift */,
			);
			path = TwitterSampleApp5Tests;
			sourceTree = "<group>";
		};
		FAF135502B4811BB004B70C5 /* TwitterSampleApp5UITests */ = {
			isa = PBXGroup;
			children = (
				FAF135512B4811BB004B70C5 /* TwitterSampleApp5UITests.swift */,
				FAF135532B4811BB004B70C5 /* TwitterSampleApp5UITestsLaunchTests.swift */,
			);
			path = TwitterSampleApp5UITests;
			sourceTree = "<group>";
		};
		FAF135622B4ADB4C004B70C5 /* others */ = {
			isa = PBXGroup;
			children = (
				FAF1353E2B4811BA004B70C5 /* Info.plist */,
				FAF1353B2B4811BA004B70C5 /* LaunchScreen.storyboard */,
				FAF135392B4811BA004B70C5 /* Assets.xcassets */,
				FAF135322B4811B8004B70C5 /* SceneDelegate.swift */,
				FAF135302B4811B8004B70C5 /* AppDelegate.swift */,
			);
			path = others;
			sourceTree = "<group>";
		};
/* End PBXGroup section */

/* Begin PBXNativeTarget section */
		FAF1352C2B4811B8004B70C5 /* TwitterSampleApp5 */ = {
			isa = PBXNativeTarget;
			buildConfigurationList = FAF135572B4811BB004B70C5 /* Build configuration list for PBXNativeTarget "TwitterSampleApp5" */;
			buildPhases = (
				E5632132740DF18937F20A1C /* [CP] Check Pods Manifest.lock */,
				FAF135292B4811B8004B70C5 /* Sources */,
				FAF1352A2B4811B8004B70C5 /* Frameworks */,
				FAF1352B2B4811B8004B70C5 /* Resources */,
				22515D2B609FD0CD499C48D9 /* [CP] Embed Pods Frameworks */,
			);
			buildRules = (
			);
			dependencies = (
			);
			name = TwitterSampleApp5;
			productName = TwitterSampleApp5;
			productReference = FAF1352D2B4811B8004B70C5 /* TwitterSampleApp5.app */;
			productType = "com.apple.product-type.application";
		};
		FAF135422B4811BB004B70C5 /* TwitterSampleApp5Tests */ = {
			isa = PBXNativeTarget;
			buildConfigurationList = FAF1355A2B4811BB004B70C5 /* Build configuration list for PBXNativeTarget "TwitterSampleApp5Tests" */;
			buildPhases = (
				A5F7E6DDC26CEE4DB8BF09F4 /* [CP] Check Pods Manifest.lock */,
				FAF1353F2B4811BB004B70C5 /* Sources */,
				FAF135402B4811BB004B70C5 /* Frameworks */,
				FAF135412B4811BB004B70C5 /* Resources */,
			);
			buildRules = (
			);
			dependencies = (
				FAF135452B4811BB004B70C5 /* PBXTargetDependency */,
			);
			name = TwitterSampleApp5Tests;
			productName = TwitterSampleApp5Tests;
			productReference = FAF135432B4811BB004B70C5 /* TwitterSampleApp5Tests.xctest */;
			productType = "com.apple.product-type.bundle.unit-test";
		};
		FAF1354C2B4811BB004B70C5 /* TwitterSampleApp5UITests */ = {
			isa = PBXNativeTarget;
			buildConfigurationList = FAF1355D2B4811BB004B70C5 /* Build configuration list for PBXNativeTarget "TwitterSampleApp5UITests" */;
			buildPhases = (
				2D536E303F60E4DCB057BA0B /* [CP] Check Pods Manifest.lock */,
				FAF135492B4811BB004B70C5 /* Sources */,
				FAF1354A2B4811BB004B70C5 /* Frameworks */,
				FAF1354B2B4811BB004B70C5 /* Resources */,
				27A3A65A3E5B266BCB4E4480 /* [CP] Embed Pods Frameworks */,
			);
			buildRules = (
			);
			dependencies = (
				FAF1354F2B4811BB004B70C5 /* PBXTargetDependency */,
			);
			name = TwitterSampleApp5UITests;
			productName = TwitterSampleApp5UITests;
			productReference = FAF1354D2B4811BB004B70C5 /* TwitterSampleApp5UITests.xctest */;
			productType = "com.apple.product-type.bundle.ui-testing";
		};
/* End PBXNativeTarget section */

/* Begin PBXProject section */
		FAF135252B4811B8004B70C5 /* Project object */ = {
			isa = PBXProject;
			attributes = {
				BuildIndependentTargetsInParallel = 1;
				LastSwiftUpdateCheck = 1430;
				LastUpgradeCheck = 1430;
				TargetAttributes = {
					FAF1352C2B4811B8004B70C5 = {
						CreatedOnToolsVersion = 14.3;
					};
					FAF135422B4811BB004B70C5 = {
						CreatedOnToolsVersion = 14.3;
						TestTargetID = FAF1352C2B4811B8004B70C5;
					};
					FAF1354C2B4811BB004B70C5 = {
						CreatedOnToolsVersion = 14.3;
						TestTargetID = FAF1352C2B4811B8004B70C5;
					};
				};
			};
			buildConfigurationList = FAF135282B4811B8004B70C5 /* Build configuration list for PBXProject "TwitterSampleApp5" */;
			compatibilityVersion = "Xcode 14.0";
			developmentRegion = en;
			hasScannedForEncodings = 0;
			knownRegions = (
				en,
				Base,
			);
			mainGroup = FAF135242B4811B8004B70C5;
			productRefGroup = FAF1352E2B4811B8004B70C5 /* Products */;
			projectDirPath = "";
			projectRoot = "";
			targets = (
				FAF1352C2B4811B8004B70C5 /* TwitterSampleApp5 */,
				FAF135422B4811BB004B70C5 /* TwitterSampleApp5Tests */,
				FAF1354C2B4811BB004B70C5 /* TwitterSampleApp5UITests */,
			);
		};
/* End PBXProject section */

/* Begin PBXResourcesBuildPhase section */
		FAF1352B2B4811B8004B70C5 /* Resources */ = {
			isa = PBXResourcesBuildPhase;
			buildActionMask = 2147483647;
			files = (
				FAF1356C2B4BA69A004B70C5 /* TweetEditViewController.storyboard in Resources */,
				FAF135682B4ADC72004B70C5 /* TwitterHomeViewTableCell.xib in Resources */,
				FAF1353D2B4811BA004B70C5 /* LaunchScreen.storyboard in Resources */,
				FAF1353A2B4811BA004B70C5 /* Assets.xcassets in Resources */,
				FAF135382B4811B8004B70C5 /* Main.storyboard in Resources */,
			);
			runOnlyForDeploymentPostprocessing = 0;
		};
		FAF135412B4811BB004B70C5 /* Resources */ = {
			isa = PBXResourcesBuildPhase;
			buildActionMask = 2147483647;
			files = (
			);
			runOnlyForDeploymentPostprocessing = 0;
		};
		FAF1354B2B4811BB004B70C5 /* Resources */ = {
			isa = PBXResourcesBuildPhase;
			buildActionMask = 2147483647;
			files = (
			);
			runOnlyForDeploymentPostprocessing = 0;
		};
/* End PBXResourcesBuildPhase section */

/* Begin PBXShellScriptBuildPhase section */
		22515D2B609FD0CD499C48D9 /* [CP] Embed Pods Frameworks */ = {
			isa = PBXShellScriptBuildPhase;
			buildActionMask = 2147483647;
			files = (
			);
			inputFileListPaths = (
				"${PODS_ROOT}/Target Support Files/Pods-TwitterSampleApp5/Pods-TwitterSampleApp5-frameworks-${CONFIGURATION}-input-files.xcfilelist",
			);
			name = "[CP] Embed Pods Frameworks";
			outputFileListPaths = (
				"${PODS_ROOT}/Target Support Files/Pods-TwitterSampleApp5/Pods-TwitterSampleApp5-frameworks-${CONFIGURATION}-output-files.xcfilelist",
			);
			runOnlyForDeploymentPostprocessing = 0;
			shellPath = /bin/sh;
			shellScript = "\"${PODS_ROOT}/Target Support Files/Pods-TwitterSampleApp5/Pods-TwitterSampleApp5-frameworks.sh\"\n";
			showEnvVarsInLog = 0;
		};
		27A3A65A3E5B266BCB4E4480 /* [CP] Embed Pods Frameworks */ = {
			isa = PBXShellScriptBuildPhase;
			buildActionMask = 2147483647;
			files = (
			);
			inputFileListPaths = (
				"${PODS_ROOT}/Target Support Files/Pods-TwitterSampleApp5-TwitterSampleApp5UITests/Pods-TwitterSampleApp5-TwitterSampleApp5UITests-frameworks-${CONFIGURATION}-input-files.xcfilelist",
			);
			name = "[CP] Embed Pods Frameworks";
			outputFileListPaths = (
				"${PODS_ROOT}/Target Support Files/Pods-TwitterSampleApp5-TwitterSampleApp5UITests/Pods-TwitterSampleApp5-TwitterSampleApp5UITests-frameworks-${CONFIGURATION}-output-files.xcfilelist",
			);
			runOnlyForDeploymentPostprocessing = 0;
			shellPath = /bin/sh;
			shellScript = "\"${PODS_ROOT}/Target Support Files/Pods-TwitterSampleApp5-TwitterSampleApp5UITests/Pods-TwitterSampleApp5-TwitterSampleApp5UITests-frameworks.sh\"\n";
			showEnvVarsInLog = 0;
		};
		2D536E303F60E4DCB057BA0B /* [CP] Check Pods Manifest.lock */ = {
			isa = PBXShellScriptBuildPhase;
			buildActionMask = 2147483647;
			files = (
			);
			inputFileListPaths = (
			);
			inputPaths = (
				"${PODS_PODFILE_DIR_PATH}/Podfile.lock",
				"${PODS_ROOT}/Manifest.lock",
			);
			name = "[CP] Check Pods Manifest.lock";
			outputFileListPaths = (
			);
			outputPaths = (
				"$(DERIVED_FILE_DIR)/Pods-TwitterSampleApp5-TwitterSampleApp5UITests-checkManifestLockResult.txt",
			);
			runOnlyForDeploymentPostprocessing = 0;
			shellPath = /bin/sh;
			shellScript = "diff \"${PODS_PODFILE_DIR_PATH}/Podfile.lock\" \"${PODS_ROOT}/Manifest.lock\" > /dev/null\nif [ $? != 0 ] ; then\n    # print error to STDERR\n    echo \"error: The sandbox is not in sync with the Podfile.lock. Run 'pod install' or update your CocoaPods installation.\" >&2\n    exit 1\nfi\n# This output is used by Xcode 'outputs' to avoid re-running this script phase.\necho \"SUCCESS\" > \"${SCRIPT_OUTPUT_FILE_0}\"\n";
			showEnvVarsInLog = 0;
		};
		A5F7E6DDC26CEE4DB8BF09F4 /* [CP] Check Pods Manifest.lock */ = {
			isa = PBXShellScriptBuildPhase;
			buildActionMask = 2147483647;
			files = (
			);
			inputFileListPaths = (
			);
			inputPaths = (
				"${PODS_PODFILE_DIR_PATH}/Podfile.lock",
				"${PODS_ROOT}/Manifest.lock",
			);
			name = "[CP] Check Pods Manifest.lock";
			outputFileListPaths = (
			);
			outputPaths = (
				"$(DERIVED_FILE_DIR)/Pods-TwitterSampleApp5Tests-checkManifestLockResult.txt",
			);
			runOnlyForDeploymentPostprocessing = 0;
			shellPath = /bin/sh;
			shellScript = "diff \"${PODS_PODFILE_DIR_PATH}/Podfile.lock\" \"${PODS_ROOT}/Manifest.lock\" > /dev/null\nif [ $? != 0 ] ; then\n    # print error to STDERR\n    echo \"error: The sandbox is not in sync with the Podfile.lock. Run 'pod install' or update your CocoaPods installation.\" >&2\n    exit 1\nfi\n# This output is used by Xcode 'outputs' to avoid re-running this script phase.\necho \"SUCCESS\" > \"${SCRIPT_OUTPUT_FILE_0}\"\n";
			showEnvVarsInLog = 0;
		};
		E5632132740DF18937F20A1C /* [CP] Check Pods Manifest.lock */ = {
			isa = PBXShellScriptBuildPhase;
			buildActionMask = 2147483647;
			files = (
			);
			inputFileListPaths = (
			);
			inputPaths = (
				"${PODS_PODFILE_DIR_PATH}/Podfile.lock",
				"${PODS_ROOT}/Manifest.lock",
			);
			name = "[CP] Check Pods Manifest.lock";
			outputFileListPaths = (
			);
			outputPaths = (
				"$(DERIVED_FILE_DIR)/Pods-TwitterSampleApp5-checkManifestLockResult.txt",
			);
			runOnlyForDeploymentPostprocessing = 0;
			shellPath = /bin/sh;
			shellScript = "diff \"${PODS_PODFILE_DIR_PATH}/Podfile.lock\" \"${PODS_ROOT}/Manifest.lock\" > /dev/null\nif [ $? != 0 ] ; then\n    # print error to STDERR\n    echo \"error: The sandbox is not in sync with the Podfile.lock. Run 'pod install' or update your CocoaPods installation.\" >&2\n    exit 1\nfi\n# This output is used by Xcode 'outputs' to avoid re-running this script phase.\necho \"SUCCESS\" > \"${SCRIPT_OUTPUT_FILE_0}\"\n";
			showEnvVarsInLog = 0;
		};
/* End PBXShellScriptBuildPhase section */

/* Begin PBXSourcesBuildPhase section */
		FAF135292B4811B8004B70C5 /* Sources */ = {
			isa = PBXSourcesBuildPhase;
			buildActionMask = 2147483647;
			files = (
				FAF135352B4811B8004B70C5 /* TwitterHomeViewController.swift in Sources */,
				FAF135312B4811B8004B70C5 /* AppDelegate.swift in Sources */,
				FAF135332B4811B8004B70C5 /* SceneDelegate.swift in Sources */,
				FAF135672B4ADC72004B70C5 /* TwitterHomeViewTableCell.swift in Sources */,
				FAF135612B4ADADD004B70C5 /* TweetDataModel.swift in Sources */,
				FAF1356A2B4BA66D004B70C5 /* TweetEditViewController.swift in Sources */,
			);
			runOnlyForDeploymentPostprocessing = 0;
		};
		FAF1353F2B4811BB004B70C5 /* Sources */ = {
			isa = PBXSourcesBuildPhase;
			buildActionMask = 2147483647;
			files = (
				FAF8AF462B561F0400485043 /* TwitterHomeViewController.swift in Sources */,
				FAF135482B4811BB004B70C5 /* TwitterSampleApp5Tests.swift in Sources */,
			);
			runOnlyForDeploymentPostprocessing = 0;
		};
		FAF135492B4811BB004B70C5 /* Sources */ = {
			isa = PBXSourcesBuildPhase;
			buildActionMask = 2147483647;
			files = (
				FAF135542B4811BB004B70C5 /* TwitterSampleApp5UITestsLaunchTests.swift in Sources */,
				FAF135522B4811BB004B70C5 /* TwitterSampleApp5UITests.swift in Sources */,
			);
			runOnlyForDeploymentPostprocessing = 0;
		};
/* End PBXSourcesBuildPhase section */

/* Begin PBXTargetDependency section */
		FAF135452B4811BB004B70C5 /* PBXTargetDependency */ = {
			isa = PBXTargetDependency;
			target = FAF1352C2B4811B8004B70C5 /* TwitterSampleApp5 */;
			targetProxy = FAF135442B4811BB004B70C5 /* PBXContainerItemProxy */;
		};
		FAF1354F2B4811BB004B70C5 /* PBXTargetDependency */ = {
			isa = PBXTargetDependency;
			target = FAF1352C2B4811B8004B70C5 /* TwitterSampleApp5 */;
			targetProxy = FAF1354E2B4811BB004B70C5 /* PBXContainerItemProxy */;
		};
/* End PBXTargetDependency section */

/* Begin PBXVariantGroup section */
		FAF135362B4811B8004B70C5 /* Main.storyboard */ = {
			isa = PBXVariantGroup;
			children = (
				FAF135372B4811B8004B70C5 /* Base */,
			);
			name = Main.storyboard;
			sourceTree = "<group>";
		};
		FAF1353B2B4811BA004B70C5 /* LaunchScreen.storyboard */ = {
			isa = PBXVariantGroup;
			children = (
				FAF1353C2B4811BA004B70C5 /* Base */,
			);
			name = LaunchScreen.storyboard;
			sourceTree = "<group>";
		};
/* End PBXVariantGroup section */

/* Begin XCBuildConfiguration section */
		FAF135552B4811BB004B70C5 /* Debug */ = {
			isa = XCBuildConfiguration;
			buildSettings = {
				ALWAYS_SEARCH_USER_PATHS = NO;
				CLANG_ANALYZER_NONNULL = YES;
				CLANG_ANALYZER_NUMBER_OBJECT_CONVERSION = YES_AGGRESSIVE;
				CLANG_CXX_LANGUAGE_STANDARD = "gnu++20";
				CLANG_ENABLE_MODULES = YES;
				CLANG_ENABLE_OBJC_ARC = YES;
				CLANG_ENABLE_OBJC_WEAK = YES;
				CLANG_WARN_BLOCK_CAPTURE_AUTORELEASING = YES;
				CLANG_WARN_BOOL_CONVERSION = YES;
				CLANG_WARN_COMMA = YES;
				CLANG_WARN_CONSTANT_CONVERSION = YES;
				CLANG_WARN_DEPRECATED_OBJC_IMPLEMENTATIONS = YES;
				CLANG_WARN_DIRECT_OBJC_ISA_USAGE = YES_ERROR;
				CLANG_WARN_DOCUMENTATION_COMMENTS = YES;
				CLANG_WARN_EMPTY_BODY = YES;
				CLANG_WARN_ENUM_CONVERSION = YES;
				CLANG_WARN_INFINITE_RECURSION = YES;
				CLANG_WARN_INT_CONVERSION = YES;
				CLANG_WARN_NON_LITERAL_NULL_CONVERSION = YES;
				CLANG_WARN_OBJC_IMPLICIT_RETAIN_SELF = YES;
				CLANG_WARN_OBJC_LITERAL_CONVERSION = YES;
				CLANG_WARN_OBJC_ROOT_CLASS = YES_ERROR;
				CLANG_WARN_QUOTED_INCLUDE_IN_FRAMEWORK_HEADER = YES;
				CLANG_WARN_RANGE_LOOP_ANALYSIS = YES;
				CLANG_WARN_STRICT_PROTOTYPES = YES;
				CLANG_WARN_SUSPICIOUS_MOVE = YES;
				CLANG_WARN_UNGUARDED_AVAILABILITY = YES_AGGRESSIVE;
				CLANG_WARN_UNREACHABLE_CODE = YES;
				CLANG_WARN__DUPLICATE_METHOD_MATCH = YES;
				COPY_PHASE_STRIP = NO;
				DEBUG_INFORMATION_FORMAT = dwarf;
				ENABLE_STRICT_OBJC_MSGSEND = YES;
				ENABLE_TESTABILITY = YES;
				GCC_C_LANGUAGE_STANDARD = gnu11;
				GCC_DYNAMIC_NO_PIC = NO;
				GCC_NO_COMMON_BLOCKS = YES;
				GCC_OPTIMIZATION_LEVEL = 0;
				GCC_PREPROCESSOR_DEFINITIONS = (
					"DEBUG=1",
					"$(inherited)",
				);
				GCC_WARN_64_TO_32_BIT_CONVERSION = YES;
				GCC_WARN_ABOUT_RETURN_TYPE = YES_ERROR;
				GCC_WARN_UNDECLARED_SELECTOR = YES;
				GCC_WARN_UNINITIALIZED_AUTOS = YES_AGGRESSIVE;
				GCC_WARN_UNUSED_FUNCTION = YES;
				GCC_WARN_UNUSED_VARIABLE = YES;
				IPHONEOS_DEPLOYMENT_TARGET = 16.4;
				MTL_ENABLE_DEBUG_INFO = INCLUDE_SOURCE;
				MTL_FAST_MATH = YES;
				ONLY_ACTIVE_ARCH = YES;
				SDKROOT = iphoneos;
				SWIFT_ACTIVE_COMPILATION_CONDITIONS = DEBUG;
				SWIFT_OPTIMIZATION_LEVEL = "-Onone";
			};
			name = Debug;
		};
		FAF135562B4811BB004B70C5 /* Release */ = {
			isa = XCBuildConfiguration;
			buildSettings = {
				ALWAYS_SEARCH_USER_PATHS = NO;
				CLANG_ANALYZER_NONNULL = YES;
				CLANG_ANALYZER_NUMBER_OBJECT_CONVERSION = YES_AGGRESSIVE;
				CLANG_CXX_LANGUAGE_STANDARD = "gnu++20";
				CLANG_ENABLE_MODULES = YES;
				CLANG_ENABLE_OBJC_ARC = YES;
				CLANG_ENABLE_OBJC_WEAK = YES;
				CLANG_WARN_BLOCK_CAPTURE_AUTORELEASING = YES;
				CLANG_WARN_BOOL_CONVERSION = YES;
				CLANG_WARN_COMMA = YES;
				CLANG_WARN_CONSTANT_CONVERSION = YES;
				CLANG_WARN_DEPRECATED_OBJC_IMPLEMENTATIONS = YES;
				CLANG_WARN_DIRECT_OBJC_ISA_USAGE = YES_ERROR;
				CLANG_WARN_DOCUMENTATION_COMMENTS = YES;
				CLANG_WARN_EMPTY_BODY = YES;
				CLANG_WARN_ENUM_CONVERSION = YES;
				CLANG_WARN_INFINITE_RECURSION = YES;
				CLANG_WARN_INT_CONVERSION = YES;
				CLANG_WARN_NON_LITERAL_NULL_CONVERSION = YES;
				CLANG_WARN_OBJC_IMPLICIT_RETAIN_SELF = YES;
				CLANG_WARN_OBJC_LITERAL_CONVERSION = YES;
				CLANG_WARN_OBJC_ROOT_CLASS = YES_ERROR;
				CLANG_WARN_QUOTED_INCLUDE_IN_FRAMEWORK_HEADER = YES;
				CLANG_WARN_RANGE_LOOP_ANALYSIS = YES;
				CLANG_WARN_STRICT_PROTOTYPES = YES;
				CLANG_WARN_SUSPICIOUS_MOVE = YES;
				CLANG_WARN_UNGUARDED_AVAILABILITY = YES_AGGRESSIVE;
				CLANG_WARN_UNREACHABLE_CODE = YES;
				CLANG_WARN__DUPLICATE_METHOD_MATCH = YES;
				COPY_PHASE_STRIP = NO;
				DEBUG_INFORMATION_FORMAT = "dwarf-with-dsym";
				ENABLE_NS_ASSERTIONS = NO;
				ENABLE_STRICT_OBJC_MSGSEND = YES;
				GCC_C_LANGUAGE_STANDARD = gnu11;
				GCC_NO_COMMON_BLOCKS = YES;
				GCC_WARN_64_TO_32_BIT_CONVERSION = YES;
				GCC_WARN_ABOUT_RETURN_TYPE = YES_ERROR;
				GCC_WARN_UNDECLARED_SELECTOR = YES;
				GCC_WARN_UNINITIALIZED_AUTOS = YES_AGGRESSIVE;
				GCC_WARN_UNUSED_FUNCTION = YES;
				GCC_WARN_UNUSED_VARIABLE = YES;
				IPHONEOS_DEPLOYMENT_TARGET = 16.4;
				MTL_ENABLE_DEBUG_INFO = NO;
				MTL_FAST_MATH = YES;
				SDKROOT = iphoneos;
				SWIFT_COMPILATION_MODE = wholemodule;
				SWIFT_OPTIMIZATION_LEVEL = "-O";
				VALIDATE_PRODUCT = YES;
			};
			name = Release;
		};
		FAF135582B4811BB004B70C5 /* Debug */ = {
			isa = XCBuildConfiguration;
			baseConfigurationReference = 47309A84FB94FC411E5152A6 /* Pods-TwitterSampleApp5.debug.xcconfig */;
			buildSettings = {
				ASSETCATALOG_COMPILER_APPICON_NAME = AppIcon;
				ASSETCATALOG_COMPILER_GLOBAL_ACCENT_COLOR_NAME = AccentColor;
				CODE_SIGN_STYLE = Automatic;
				CURRENT_PROJECT_VERSION = 1;
				GENERATE_INFOPLIST_FILE = YES;
				INFOPLIST_FILE = TwitterSampleApp5/others/Info.plist;
				INFOPLIST_KEY_UIApplicationSupportsIndirectInputEvents = YES;
				INFOPLIST_KEY_UILaunchStoryboardName = LaunchScreen;
				INFOPLIST_KEY_UIMainStoryboardFile = Main;
				INFOPLIST_KEY_UISupportedInterfaceOrientations_iPad = "UIInterfaceOrientationPortrait UIInterfaceOrientationPortraitUpsideDown UIInterfaceOrientationLandscapeLeft UIInterfaceOrientationLandscapeRight";
				INFOPLIST_KEY_UISupportedInterfaceOrientations_iPhone = "UIInterfaceOrientationPortrait UIInterfaceOrientationLandscapeLeft UIInterfaceOrientationLandscapeRight";
				LD_RUNPATH_SEARCH_PATHS = (
					"$(inherited)",
					"@executable_path/Frameworks",
				);
				MARKETING_VERSION = 1.0;
				PRODUCT_BUNDLE_IDENTIFIER = "com.ios-academla.TwitterSampleApp5";
				PRODUCT_NAME = "$(TARGET_NAME)";
				SWIFT_EMIT_LOC_STRINGS = YES;
				SWIFT_VERSION = 5.0;
				TARGETED_DEVICE_FAMILY = "1,2";
			};
			name = Debug;
		};
		FAF135592B4811BB004B70C5 /* Release */ = {
			isa = XCBuildConfiguration;
			baseConfigurationReference = 9A99A1034D3AE0633D2145F1 /* Pods-TwitterSampleApp5.release.xcconfig */;
			buildSettings = {
				ASSETCATALOG_COMPILER_APPICON_NAME = AppIcon;
				ASSETCATALOG_COMPILER_GLOBAL_ACCENT_COLOR_NAME = AccentColor;
				CODE_SIGN_STYLE = Automatic;
				CURRENT_PROJECT_VERSION = 1;
				GENERATE_INFOPLIST_FILE = YES;
				INFOPLIST_FILE = TwitterSampleApp5/others/Info.plist;
				INFOPLIST_KEY_UIApplicationSupportsIndirectInputEvents = YES;
				INFOPLIST_KEY_UILaunchStoryboardName = LaunchScreen;
				INFOPLIST_KEY_UIMainStoryboardFile = Main;
				INFOPLIST_KEY_UISupportedInterfaceOrientations_iPad = "UIInterfaceOrientationPortrait UIInterfaceOrientationPortraitUpsideDown UIInterfaceOrientationLandscapeLeft UIInterfaceOrientationLandscapeRight";
				INFOPLIST_KEY_UISupportedInterfaceOrientations_iPhone = "UIInterfaceOrientationPortrait UIInterfaceOrientationLandscapeLeft UIInterfaceOrientationLandscapeRight";
				LD_RUNPATH_SEARCH_PATHS = (
					"$(inherited)",
					"@executable_path/Frameworks",
				);
				MARKETING_VERSION = 1.0;
				PRODUCT_BUNDLE_IDENTIFIER = "com.ios-academla.TwitterSampleApp5";
				PRODUCT_NAME = "$(TARGET_NAME)";
				SWIFT_EMIT_LOC_STRINGS = YES;
				SWIFT_VERSION = 5.0;
				TARGETED_DEVICE_FAMILY = "1,2";
			};
			name = Release;
		};
		FAF1355B2B4811BB004B70C5 /* Debug */ = {
			isa = XCBuildConfiguration;
			baseConfigurationReference = 96199828D17E0AAA0288718A /* Pods-TwitterSampleApp5Tests.debug.xcconfig */;
			buildSettings = {
				ALWAYS_EMBED_SWIFT_STANDARD_LIBRARIES = YES;
				BUNDLE_LOADER = "$(TEST_HOST)";
				CODE_SIGN_STYLE = Automatic;
				CURRENT_PROJECT_VERSION = 1;
				GENERATE_INFOPLIST_FILE = YES;
				IPHONEOS_DEPLOYMENT_TARGET = 16.4;
				MARKETING_VERSION = 1.0;
				PRODUCT_BUNDLE_IDENTIFIER = "com.ios-academla.TwitterSampleApp5Tests";
				PRODUCT_NAME = "$(TARGET_NAME)";
				SWIFT_EMIT_LOC_STRINGS = NO;
				SWIFT_VERSION = 5.0;
				TARGETED_DEVICE_FAMILY = "1,2";
				TEST_HOST = "$(BUILT_PRODUCTS_DIR)/TwitterSampleApp5.app/$(BUNDLE_EXECUTABLE_FOLDER_PATH)/TwitterSampleApp5";
			};
			name = Debug;
		};
		FAF1355C2B4811BB004B70C5 /* Release */ = {
			isa = XCBuildConfiguration;
			baseConfigurationReference = C3417F4A2908F760850603CD /* Pods-TwitterSampleApp5Tests.release.xcconfig */;
			buildSettings = {
				ALWAYS_EMBED_SWIFT_STANDARD_LIBRARIES = YES;
				BUNDLE_LOADER = "$(TEST_HOST)";
				CODE_SIGN_STYLE = Automatic;
				CURRENT_PROJECT_VERSION = 1;
				GENERATE_INFOPLIST_FILE = YES;
				IPHONEOS_DEPLOYMENT_TARGET = 16.4;
				MARKETING_VERSION = 1.0;
				PRODUCT_BUNDLE_IDENTIFIER = "com.ios-academla.TwitterSampleApp5Tests";
				PRODUCT_NAME = "$(TARGET_NAME)";
				SWIFT_EMIT_LOC_STRINGS = NO;
				SWIFT_VERSION = 5.0;
				TARGETED_DEVICE_FAMILY = "1,2";
				TEST_HOST = "$(BUILT_PRODUCTS_DIR)/TwitterSampleApp5.app/$(BUNDLE_EXECUTABLE_FOLDER_PATH)/TwitterSampleApp5";
			};
			name = Release;
		};
		FAF1355E2B4811BB004B70C5 /* Debug */ = {
			isa = XCBuildConfiguration;
			baseConfigurationReference = 649F73BF612C607AE37CD0F6 /* Pods-TwitterSampleApp5-TwitterSampleApp5UITests.debug.xcconfig */;
			buildSettings = {
				ALWAYS_EMBED_SWIFT_STANDARD_LIBRARIES = YES;
				CODE_SIGN_STYLE = Automatic;
				CURRENT_PROJECT_VERSION = 1;
				GENERATE_INFOPLIST_FILE = YES;
				MARKETING_VERSION = 1.0;
				PRODUCT_BUNDLE_IDENTIFIER = "com.ios-academla.TwitterSampleApp5UITests";
				PRODUCT_NAME = "$(TARGET_NAME)";
				SWIFT_EMIT_LOC_STRINGS = NO;
				SWIFT_VERSION = 5.0;
				TARGETED_DEVICE_FAMILY = "1,2";
				TEST_TARGET_NAME = TwitterSampleApp5;
			};
			name = Debug;
		};
		FAF1355F2B4811BB004B70C5 /* Release */ = {
			isa = XCBuildConfiguration;
			baseConfigurationReference = 94D0E59DDBD8C352977A6522 /* Pods-TwitterSampleApp5-TwitterSampleApp5UITests.release.xcconfig */;
			buildSettings = {
				ALWAYS_EMBED_SWIFT_STANDARD_LIBRARIES = YES;
				CODE_SIGN_STYLE = Automatic;
				CURRENT_PROJECT_VERSION = 1;
				GENERATE_INFOPLIST_FILE = YES;
				MARKETING_VERSION = 1.0;
				PRODUCT_BUNDLE_IDENTIFIER = "com.ios-academla.TwitterSampleApp5UITests";
				PRODUCT_NAME = "$(TARGET_NAME)";
				SWIFT_EMIT_LOC_STRINGS = NO;
				SWIFT_VERSION = 5.0;
				TARGETED_DEVICE_FAMILY = "1,2";
				TEST_TARGET_NAME = TwitterSampleApp5;
			};
			name = Release;
		};
/* End XCBuildConfiguration section */

/* Begin XCConfigurationList section */
		FAF135282B4811B8004B70C5 /* Build configuration list for PBXProject "TwitterSampleApp5" */ = {
			isa = XCConfigurationList;
			buildConfigurations = (
				FAF135552B4811BB004B70C5 /* Debug */,
				FAF135562B4811BB004B70C5 /* Release */,
			);
			defaultConfigurationIsVisible = 0;
			defaultConfigurationName = Release;
		};
		FAF135572B4811BB004B70C5 /* Build configuration list for PBXNativeTarget "TwitterSampleApp5" */ = {
			isa = XCConfigurationList;
			buildConfigurations = (
				FAF135582B4811BB004B70C5 /* Debug */,
				FAF135592B4811BB004B70C5 /* Release */,
			);
			defaultConfigurationIsVisible = 0;
			defaultConfigurationName = Release;
		};
		FAF1355A2B4811BB004B70C5 /* Build configuration list for PBXNativeTarget "TwitterSampleApp5Tests" */ = {
			isa = XCConfigurationList;
			buildConfigurations = (
				FAF1355B2B4811BB004B70C5 /* Debug */,
				FAF1355C2B4811BB004B70C5 /* Release */,
			);
			defaultConfigurationIsVisible = 0;
			defaultConfigurationName = Release;
		};
		FAF1355D2B4811BB004B70C5 /* Build configuration list for PBXNativeTarget "TwitterSampleApp5UITests" */ = {
			isa = XCConfigurationList;
			buildConfigurations = (
				FAF1355E2B4811BB004B70C5 /* Debug */,
				FAF1355F2B4811BB004B70C5 /* Release */,
			);
			defaultConfigurationIsVisible = 0;
			defaultConfigurationName = Release;
		};
/* End XCConfigurationList section */
	};
	rootObject = FAF135252B4811B8004B70C5 /* Project object */;
}
